// !$*UTF8*$!
{
	archiveVersion = 1;
	classes = {
	};
	objectVersion = 77;
	objects = {

/* Begin PBXBuildFile section */
		220DCD802D7951D4007B4B1F /* SwiftProtobuf in Frameworks */ = {isa = PBXBuildFile; productRef = 220DCD7F2D7951D4007B4B1F /* SwiftProtobuf */; };
		220DCD822D7951D4007B4B1F /* SwiftProtobufPluginLibrary in Frameworks */ = {isa = PBXBuildFile; productRef = 220DCD812D7951D4007B4B1F /* SwiftProtobufPluginLibrary */; };
		22FF55392D79415000F8D936 /* stops.txt in Resources */ = {isa = PBXBuildFile; fileRef = 22FF55382D79415000F8D936 /* stops.txt */; };
		22FF55522D794A8500F8D936 /* agency.txt in Resources */ = {isa = PBXBuildFile; fileRef = 22FF554B2D794A8500F8D936 /* agency.txt */; };
		22FF55532D794A8500F8D936 /* transfers.txt in Resources */ = {isa = PBXBuildFile; fileRef = 22FF55502D794A8500F8D936 /* transfers.txt */; };
		22FF55542D794A8500F8D936 /* calendar.txt in Resources */ = {isa = PBXBuildFile; fileRef = 22FF554C2D794A8500F8D936 /* calendar.txt */; };
		22FF55552D794A8500F8D936 /* stop_times.txt in Resources */ = {isa = PBXBuildFile; fileRef = 22FF554F2D794A8500F8D936 /* stop_times.txt */; };
		22FF55562D794A8500F8D936 /* shapes.txt in Resources */ = {isa = PBXBuildFile; fileRef = 22FF554E2D794A8500F8D936 /* shapes.txt */; };
		22FF55572D794A8500F8D936 /* trips.txt in Resources */ = {isa = PBXBuildFile; fileRef = 22FF55512D794A8500F8D936 /* trips.txt */; };
		22FF555A2D794AB700F8D936 /* routes.txt in Resources */ = {isa = PBXBuildFile; fileRef = 22FF55592D794AB700F8D936 /* routes.txt */; };
/* End PBXBuildFile section */

/* Begin PBXFileReference section */
		22FF55252D793FE800F8D936 /* RumpyTrain.app */ = {isa = PBXFileReference; explicitFileType = wrapper.application; includeInIndex = 0; path = RumpyTrain.app; sourceTree = BUILT_PRODUCTS_DIR; };
		22FF55382D79415000F8D936 /* stops.txt */ = {isa = PBXFileReference; lastKnownFileType = text; path = stops.txt; sourceTree = "<group>"; };
		22FF554B2D794A8500F8D936 /* agency.txt */ = {isa = PBXFileReference; lastKnownFileType = text; path = agency.txt; sourceTree = "<group>"; };
		22FF554C2D794A8500F8D936 /* calendar.txt */ = {isa = PBXFileReference; lastKnownFileType = text; path = calendar.txt; sourceTree = "<group>"; };
		22FF554E2D794A8500F8D936 /* shapes.txt */ = {isa = PBXFileReference; lastKnownFileType = text; path = shapes.txt; sourceTree = "<group>"; };
		22FF554F2D794A8500F8D936 /* stop_times.txt */ = {isa = PBXFileReference; lastKnownFileType = text; path = stop_times.txt; sourceTree = "<group>"; };
		22FF55502D794A8500F8D936 /* transfers.txt */ = {isa = PBXFileReference; lastKnownFileType = text; path = transfers.txt; sourceTree = "<group>"; };
		22FF55512D794A8500F8D936 /* trips.txt */ = {isa = PBXFileReference; lastKnownFileType = text; path = trips.txt; sourceTree = "<group>"; };
		22FF55592D794AB700F8D936 /* routes.txt */ = {isa = PBXFileReference; lastKnownFileType = text; path = routes.txt; sourceTree = "<group>"; };
/* End PBXFileReference section */

/* Begin PBXFileSystemSynchronizedRootGroup section */
		22FF55272D793FE800F8D936 /* RumpyTrain */ = {
			isa = PBXFileSystemSynchronizedRootGroup;
			path = RumpyTrain;
			sourceTree = "<group>";
		};
/* End PBXFileSystemSynchronizedRootGroup section */

/* Begin PBXFrameworksBuildPhase section */
		22FF55222D793FE800F8D936 /* Frameworks */ = {
			isa = PBXFrameworksBuildPhase;
			buildActionMask = 2147483647;
			files = (
				220DCD822D7951D4007B4B1F /* SwiftProtobufPluginLibrary in Frameworks */,
				220DCD802D7951D4007B4B1F /* SwiftProtobuf in Frameworks */,
			);
			runOnlyForDeploymentPostprocessing = 0;
		};
/* End PBXFrameworksBuildPhase section */

/* Begin PBXGroup section */
		22FF551C2D793FE800F8D936 = {
			isa = PBXGroup;
			children = (
				22FF55592D794AB700F8D936 /* routes.txt */,
				22FF554B2D794A8500F8D936 /* agency.txt */,
				22FF554C2D794A8500F8D936 /* calendar.txt */,
				22FF554E2D794A8500F8D936 /* shapes.txt */,
				22FF554F2D794A8500F8D936 /* stop_times.txt */,
				22FF55502D794A8500F8D936 /* transfers.txt */,
				22FF55512D794A8500F8D936 /* trips.txt */,
				22FF55382D79415000F8D936 /* stops.txt */,
				22FF55272D793FE800F8D936 /* RumpyTrain */,
				22FF55262D793FE800F8D936 /* Products */,
			);
			sourceTree = "<group>";
		};
		22FF55262D793FE800F8D936 /* Products */ = {
			isa = PBXGroup;
			children = (
				22FF55252D793FE800F8D936 /* RumpyTrain.app */,
			);
			name = Products;
			sourceTree = "<group>";
		};
/* End PBXGroup section */

/* Begin PBXNativeTarget section */
		22FF55242D793FE800F8D936 /* RumpyTrain */ = {
			isa = PBXNativeTarget;
			buildConfigurationList = 22FF55332D793FEA00F8D936 /* Build configuration list for PBXNativeTarget "RumpyTrain" */;
			buildPhases = (
				22FF55222D793FE800F8D936 /* Frameworks */,
				22FF55232D793FE800F8D936 /* Resources */,
				228A23AA2D79546B003E840F /* Sources */,
			);
			buildRules = (
			);
			dependencies = (
			);
			fileSystemSynchronizedGroups = (
				22FF55272D793FE800F8D936 /* RumpyTrain */,
			);
			name = RumpyTrain;
			packageProductDependencies = (
				220DCD7F2D7951D4007B4B1F /* SwiftProtobuf */,
				220DCD812D7951D4007B4B1F /* SwiftProtobufPluginLibrary */,
			);
			productName = RumpyTrain;
			productReference = 22FF55252D793FE800F8D936 /* RumpyTrain.app */;
			productType = "com.apple.product-type.application";
		};
/* End PBXNativeTarget section */

/* Begin PBXProject section */
		22FF551D2D793FE800F8D936 /* Project object */ = {
			isa = PBXProject;
			attributes = {
				BuildIndependentTargetsInParallel = 1;
				LastSwiftUpdateCheck = 1620;
				LastUpgradeCheck = 1620;
				TargetAttributes = {
					22FF55242D793FE800F8D936 = {
						CreatedOnToolsVersion = 16.2;
					};
				};
			};
			buildConfigurationList = 22FF55202D793FE800F8D936 /* Build configuration list for PBXProject "RumpyTrain" */;
			developmentRegion = en;
			hasScannedForEncodings = 0;
			knownRegions = (
				en,
				Base,
			);
			mainGroup = 22FF551C2D793FE800F8D936;
			minimizedProjectReferenceProxies = 1;
			packageReferences = (
				220DCD7E2D7951D4007B4B1F /* XCRemoteSwiftPackageReference "swift-protobuf" */,
			);
			preferredProjectObjectVersion = 77;
			productRefGroup = 22FF55262D793FE800F8D936 /* Products */;
			projectDirPath = "";
			projectRoot = "";
			targets = (
				22FF55242D793FE800F8D936 /* RumpyTrain */,
			);
		};
/* End PBXProject section */

/* Begin PBXResourcesBuildPhase section */
		22FF55232D793FE800F8D936 /* Resources */ = {
			isa = PBXResourcesBuildPhase;
			buildActionMask = 2147483647;
			files = (
				22FF555A2D794AB700F8D936 /* routes.txt in Resources */,
				22FF55522D794A8500F8D936 /* agency.txt in Resources */,
				22FF55532D794A8500F8D936 /* transfers.txt in Resources */,
				22FF55542D794A8500F8D936 /* calendar.txt in Resources */,
				22FF55552D794A8500F8D936 /* stop_times.txt in Resources */,
				22FF55562D794A8500F8D936 /* shapes.txt in Resources */,
				22FF55572D794A8500F8D936 /* trips.txt in Resources */,
				22FF55392D79415000F8D936 /* stops.txt in Resources */,
			);
			runOnlyForDeploymentPostprocessing = 0;
		};
/* End PBXResourcesBuildPhase section */

/* Begin PBXSourcesBuildPhase section */
		228A23AA2D79546B003E840F /* Sources */ = {
			isa = PBXSourcesBuildPhase;
			buildActionMask = 2147483647;
			files = (
			);
			runOnlyForDeploymentPostprocessing = 0;
		};
/* End PBXSourcesBuildPhase section */

/* Begin XCBuildConfiguration section */
		22FF55312D793FEA00F8D936 /* Debug */ = {
			isa = XCBuildConfiguration;
			buildSettings = {
				ALWAYS_SEARCH_USER_PATHS = NO;
				ASSETCATALOG_COMPILER_GENERATE_SWIFT_ASSET_SYMBOL_EXTENSIONS = YES;
				CLANG_ANALYZER_NONNULL = YES;
				CLANG_ANALYZER_NUMBER_OBJECT_CONVERSION = YES_AGGRESSIVE;
				CLANG_CXX_LANGUAGE_STANDARD = "gnu++20";
				CLANG_ENABLE_MODULES = YES;
				CLANG_ENABLE_OBJC_ARC = YES;
				CLANG_ENABLE_OBJC_WEAK = YES;
				CLANG_WARN_BLOCK_CAPTURE_AUTORELEASING = YES;
				CLANG_WARN_BOOL_CONVERSION = YES;
				CLANG_WARN_COMMA = YES;
				CLANG_WARN_CONSTANT_CONVERSION = YES;
				CLANG_WARN_DEPRECATED_OBJC_IMPLEMENTATIONS = YES;
				CLANG_WARN_DIRECT_OBJC_ISA_USAGE = YES_ERROR;
				CLANG_WARN_DOCUMENTATION_COMMENTS = YES;
				CLANG_WARN_EMPTY_BODY = YES;
				CLANG_WARN_ENUM_CONVERSION = YES;
				CLANG_WARN_INFINITE_RECURSION = YES;
				CLANG_WARN_INT_CONVERSION = YES;
				CLANG_WARN_NON_LITERAL_NULL_CONVERSION = YES;
				CLANG_WARN_OBJC_IMPLICIT_RETAIN_SELF = YES;
				CLANG_WARN_OBJC_LITERAL_CONVERSION = YES;
				CLANG_WARN_OBJC_ROOT_CLASS = YES_ERROR;
				CLANG_WARN_QUOTED_INCLUDE_IN_FRAMEWORK_HEADER = YES;
				CLANG_WARN_RANGE_LOOP_ANALYSIS = YES;
				CLANG_WARN_STRICT_PROTOTYPES = YES;
				CLANG_WARN_SUSPICIOUS_MOVE = YES;
				CLANG_WARN_UNGUARDED_AVAILABILITY = YES_AGGRESSIVE;
				CLANG_WARN_UNREACHABLE_CODE = YES;
				CLANG_WARN__DUPLICATE_METHOD_MATCH = YES;
				COPY_PHASE_STRIP = NO;
				DEBUG_INFORMATION_FORMAT = dwarf;
				ENABLE_STRICT_OBJC_MSGSEND = YES;
				ENABLE_TESTABILITY = YES;
				ENABLE_USER_SCRIPT_SANDBOXING = YES;
				GCC_C_LANGUAGE_STANDARD = gnu17;
				GCC_DYNAMIC_NO_PIC = NO;
				GCC_NO_COMMON_BLOCKS = YES;
				GCC_OPTIMIZATION_LEVEL = 0;
				GCC_PREPROCESSOR_DEFINITIONS = (
					"DEBUG=1",
					"$(inherited)",
				);
				GCC_WARN_64_TO_32_BIT_CONVERSION = YES;
				GCC_WARN_ABOUT_RETURN_TYPE = YES_ERROR;
				GCC_WARN_UNDECLARED_SELECTOR = YES;
				GCC_WARN_UNINITIALIZED_AUTOS = YES_AGGRESSIVE;
				GCC_WARN_UNUSED_FUNCTION = YES;
				GCC_WARN_UNUSED_VARIABLE = YES;
				IPHONEOS_DEPLOYMENT_TARGET = 18.2;
				LOCALIZATION_PREFERS_STRING_CATALOGS = YES;
				MTL_ENABLE_DEBUG_INFO = INCLUDE_SOURCE;
				MTL_FAST_MATH = YES;
				ONLY_ACTIVE_ARCH = YES;
				SDKROOT = iphoneos;
				SWIFT_ACTIVE_COMPILATION_CONDITIONS = "DEBUG $(inherited)";
				SWIFT_OPTIMIZATION_LEVEL = "-Onone";
			};
			name = Debug;
		};
		22FF55322D793FEA00F8D936 /* Release */ = {
			isa = XCBuildConfiguration;
			buildSettings = {
				ALWAYS_SEARCH_USER_PATHS = NO;
				ASSETCATALOG_COMPILER_GENERATE_SWIFT_ASSET_SYMBOL_EXTENSIONS = YES;
				CLANG_ANALYZER_NONNULL = YES;
				CLANG_ANALYZER_NUMBER_OBJECT_CONVERSION = YES_AGGRESSIVE;
				CLANG_CXX_LANGUAGE_STANDARD = "gnu++20";
				CLANG_ENABLE_MODULES = YES;
				CLANG_ENABLE_OBJC_ARC = YES;
				CLANG_ENABLE_OBJC_WEAK = YES;
				CLANG_WARN_BLOCK_CAPTURE_AUTORELEASING = YES;
				CLANG_WARN_BOOL_CONVERSION = YES;
				CLANG_WARN_COMMA = YES;
				CLANG_WARN_CONSTANT_CONVERSION = YES;
				CLANG_WARN_DEPRECATED_OBJC_IMPLEMENTATIONS = YES;
				CLANG_WARN_DIRECT_OBJC_ISA_USAGE = YES_ERROR;
				CLANG_WARN_DOCUMENTATION_COMMENTS = YES;
				CLANG_WARN_EMPTY_BODY = YES;
				CLANG_WARN_ENUM_CONVERSION = YES;
				CLANG_WARN_INFINITE_RECURSION = YES;
				CLANG_WARN_INT_CONVERSION = YES;
				CLANG_WARN_NON_LITERAL_NULL_CONVERSION = YES;
				CLANG_WARN_OBJC_IMPLICIT_RETAIN_SELF = YES;
				CLANG_WARN_OBJC_LITERAL_CONVERSION = YES;
				CLANG_WARN_OBJC_ROOT_CLASS = YES_ERROR;
				CLANG_WARN_QUOTED_INCLUDE_IN_FRAMEWORK_HEADER = YES;
				CLANG_WARN_RANGE_LOOP_ANALYSIS = YES;
				CLANG_WARN_STRICT_PROTOTYPES = YES;
				CLANG_WARN_SUSPICIOUS_MOVE = YES;
				CLANG_WARN_UNGUARDED_AVAILABILITY = YES_AGGRESSIVE;
				CLANG_WARN_UNREACHABLE_CODE = YES;
				CLANG_WARN__DUPLICATE_METHOD_MATCH = YES;
				COPY_PHASE_STRIP = NO;
				DEBUG_INFORMATION_FORMAT = "dwarf-with-dsym";
				ENABLE_NS_ASSERTIONS = NO;
				ENABLE_STRICT_OBJC_MSGSEND = YES;
				ENABLE_USER_SCRIPT_SANDBOXING = YES;
				GCC_C_LANGUAGE_STANDARD = gnu17;
				GCC_NO_COMMON_BLOCKS = YES;
				GCC_WARN_64_TO_32_BIT_CONVERSION = YES;
				GCC_WARN_ABOUT_RETURN_TYPE = YES_ERROR;
				GCC_WARN_UNDECLARED_SELECTOR = YES;
				GCC_WARN_UNINITIALIZED_AUTOS = YES_AGGRESSIVE;
				GCC_WARN_UNUSED_FUNCTION = YES;
				GCC_WARN_UNUSED_VARIABLE = YES;
				IPHONEOS_DEPLOYMENT_TARGET = 18.2;
				LOCALIZATION_PREFERS_STRING_CATALOGS = YES;
				MTL_ENABLE_DEBUG_INFO = NO;
				MTL_FAST_MATH = YES;
				SDKROOT = iphoneos;
				SWIFT_COMPILATION_MODE = wholemodule;
				VALIDATE_PRODUCT = YES;
			};
			name = Release;
		};
		22FF55342D793FEA00F8D936 /* Debug */ = {
			isa = XCBuildConfiguration;
			buildSettings = {
				ASSETCATALOG_COMPILER_APPICON_NAME = AppIcon;
				ASSETCATALOG_COMPILER_GLOBAL_ACCENT_COLOR_NAME = AccentColor;
				CODE_SIGN_STYLE = Automatic;
				CURRENT_PROJECT_VERSION = 1;
				DEVELOPMENT_ASSET_PATHS = "\"RumpyTrain/Preview Content\"";
				DEVELOPMENT_TEAM = 4497B2XK93;
				ENABLE_PREVIEWS = YES;
				GENERATE_INFOPLIST_FILE = YES;
				INFOPLIST_KEY_NSLocationWhenInUseUsageDescription = "We need your location to find the nearest subway stations.";
				INFOPLIST_KEY_UIApplicationSceneManifest_Generation = YES;
				INFOPLIST_KEY_UIApplicationSupportsIndirectInputEvents = YES;
				INFOPLIST_KEY_UILaunchScreen_Generation = YES;
				INFOPLIST_KEY_UISupportedInterfaceOrientations_iPad = "UIInterfaceOrientationPortrait UIInterfaceOrientationPortraitUpsideDown UIInterfaceOrientationLandscapeLeft UIInterfaceOrientationLandscapeRight";
				INFOPLIST_KEY_UISupportedInterfaceOrientations_iPhone = "UIInterfaceOrientationPortrait UIInterfaceOrientationLandscapeLeft UIInterfaceOrientationLandscapeRight";
				LD_RUNPATH_SEARCH_PATHS = (
					"$(inherited)",
					"@executable_path/Frameworks",
				);
				MARKETING_VERSION = 1.0;
				PRODUCT_BUNDLE_IDENTIFIER = RumpyCorp.RumpyTrain;
				PRODUCT_NAME = "$(TARGET_NAME)";
				SWIFT_EMIT_LOC_STRINGS = YES;
				SWIFT_VERSION = 5.0;
				TARGETED_DEVICE_FAMILY = "1,2";
			};
			name = Debug;
		};
		22FF55352D793FEA00F8D936 /* Release */ = {
			isa = XCBuildConfiguration;
			buildSettings = {
				ASSETCATALOG_COMPILER_APPICON_NAME = AppIcon;
				ASSETCATALOG_COMPILER_GLOBAL_ACCENT_COLOR_NAME = AccentColor;
				CODE_SIGN_STYLE = Automatic;
				CURRENT_PROJECT_VERSION = 1;
				DEVELOPMENT_ASSET_PATHS = "\"RumpyTrain/Preview Content\"";
				DEVELOPMENT_TEAM = 4497B2XK93;
				ENABLE_PREVIEWS = YES;
				GENERATE_INFOPLIST_FILE = YES;
				INFOPLIST_KEY_NSLocationWhenInUseUsageDescription = "We need your location to find the nearest subway stations.";
				INFOPLIST_KEY_UIApplicationSceneManifest_Generation = YES;
				INFOPLIST_KEY_UIApplicationSupportsIndirectInputEvents = YES;
				INFOPLIST_KEY_UILaunchScreen_Generation = YES;
				INFOPLIST_KEY_UISupportedInterfaceOrientations_iPad = "UIInterfaceOrientationPortrait UIInterfaceOrientationPortraitUpsideDown UIInterfaceOrientationLandscapeLeft UIInterfaceOrientationLandscapeRight";
				INFOPLIST_KEY_UISupportedInterfaceOrientations_iPhone = "UIInterfaceOrientationPortrait UIInterfaceOrientationLandscapeLeft UIInterfaceOrientationLandscapeRight";
				LD_RUNPATH_SEARCH_PATHS = (
					"$(inherited)",
					"@executable_path/Frameworks",
				);
				MARKETING_VERSION = 1.0;
				PRODUCT_BUNDLE_IDENTIFIER = RumpyCorp.RumpyTrain;
				PRODUCT_NAME = "$(TARGET_NAME)";
				SWIFT_EMIT_LOC_STRINGS = YES;
				SWIFT_VERSION = 5.0;
				TARGETED_DEVICE_FAMILY = "1,2";
			};
			name = Release;
		};
/* End XCBuildConfiguration section */

/* Begin XCConfigurationList section */
		22FF55202D793FE800F8D936 /* Build configuration list for PBXProject "RumpyTrain" */ = {
			isa = XCConfigurationList;
			buildConfigurations = (
				22FF55312D793FEA00F8D936 /* Debug */,
				22FF55322D793FEA00F8D936 /* Release */,
			);
			defaultConfigurationIsVisible = 0;
			defaultConfigurationName = Release;
		};
		22FF55332D793FEA00F8D936 /* Build configuration list for PBXNativeTarget "RumpyTrain" */ = {
			isa = XCConfigurationList;
			buildConfigurations = (
				22FF55342D793FEA00F8D936 /* Debug */,
				22FF55352D793FEA00F8D936 /* Release */,
			);
			defaultConfigurationIsVisible = 0;
			defaultConfigurationName = Release;
		};
/* End XCConfigurationList section */

/* Begin XCRemoteSwiftPackageReference section */
		220DCD7E2D7951D4007B4B1F /* XCRemoteSwiftPackageReference "swift-protobuf" */ = {
			isa = XCRemoteSwiftPackageReference;
			repositoryURL = "https://github.com/apple/swift-protobuf.git";
			requirement = {
				kind = upToNextMajorVersion;
				minimumVersion = 1.29.0;
			};
		};
/* End XCRemoteSwiftPackageReference section */

/* Begin XCSwiftPackageProductDependency section */
		220DCD7F2D7951D4007B4B1F /* SwiftProtobuf */ = {
			isa = XCSwiftPackageProductDependency;
			package = 220DCD7E2D7951D4007B4B1F /* XCRemoteSwiftPackageReference "swift-protobuf" */;
			productName = SwiftProtobuf;
		};
		220DCD812D7951D4007B4B1F /* SwiftProtobufPluginLibrary */ = {
			isa = XCSwiftPackageProductDependency;
			package = 220DCD7E2D7951D4007B4B1F /* XCRemoteSwiftPackageReference "swift-protobuf" */;
			productName = SwiftProtobufPluginLibrary;
		};
/* End XCSwiftPackageProductDependency section */
	};
	rootObject = 22FF551D2D793FE800F8D936 /* Project object */;
}
